
Microsoft Visual Studio Solution File, Format Version 10.00
# Visual Studio 2008
Project("{8BC9CEB8-8B4A-11D0-8D11-00A0C91BC942}") = "SQLite3", "SQLite3.vcproj", "{541F83A1-90A2-4DF6-BB3D-53D043FD1558}"
EndProject
Global
	GlobalSection(SolutionConfigurationPlatforms) = preSolution
		Debug|51BoardSDK.M70.1.1 (ARMV4I) = Debug|51BoardSDK.M70.1.1 (ARMV4I)
		Debug|M8SDK (ARMV4I) = Debug|M8SDK (ARMV4I)
		Debug|STANDARDSDK_500 (ARMV4I) = Debug|STANDARDSDK_500 (ARMV4I)
		Debug|Windows Mobile 5.0 Pocket PC SDK (ARMV4I) = Debug|Windows Mobile 5.0 Pocket PC SDK (ARMV4I)
		Debug|Windows Mobile 5.0 Smartphone SDK (ARMV4I) = Debug|Windows Mobile 5.0 Smartphone SDK (ARMV4I)
		Debug|Windows Mobile 6 Professional SDK (ARMV4I) = Debug|Windows Mobile 6 Professional SDK (ARMV4I)
		Debug|Windows Mobile 6 Standard SDK (ARMV4I) = Debug|Windows Mobile 6 Standard SDK (ARMV4I)
		Release Lib|51BoardSDK.M70.1.1 (ARMV4I) = Release Lib|51BoardSDK.M70.1.1 (ARMV4I)
		Release Lib|M8SDK (ARMV4I) = Release Lib|M8SDK (ARMV4I)
		Release Lib|STANDARDSDK_500 (ARMV4I) = Release Lib|STANDARDSDK_500 (ARMV4I)
		Release Lib|Windows Mobile 5.0 Pocket PC SDK (ARMV4I) = Release Lib|Windows Mobile 5.0 Pocket PC SDK (ARMV4I)
		Release Lib|Windows Mobile 5.0 Smartphone SDK (ARMV4I) = Release Lib|Windows Mobile 5.0 Smartphone SDK (ARMV4I)
		Release Lib|Windows Mobile 6 Professional SDK (ARMV4I) = Release Lib|Windows Mobile 6 Professional SDK (ARMV4I)
		Release Lib|Windows Mobile 6 Standard SDK (ARMV4I) = Release Lib|Windows Mobile 6 Standard SDK (ARMV4I)
		Release|51BoardSDK.M70.1.1 (ARMV4I) = Release|51BoardSDK.M70.1.1 (ARMV4I)
		Release|M8SDK (ARMV4I) = Release|M8SDK (ARMV4I)
		Release|STANDARDSDK_500 (ARMV4I) = Release|STANDARDSDK_500 (ARMV4I)
		Release|Windows Mobile 5.0 Pocket PC SDK (ARMV4I) = Release|Windows Mobile 5.0 Pocket PC SDK (ARMV4I)
		Release|Windows Mobile 5.0 Smartphone SDK (ARMV4I) = Release|Windows Mobile 5.0 Smartphone SDK (ARMV4I)
		Release|Windows Mobile 6 Professional SDK (ARMV4I) = Release|Windows Mobile 6 Professional SDK (ARMV4I)
		Release|Windows Mobile 6 Standard SDK (ARMV4I) = Release|Windows Mobile 6 Standard SDK (ARMV4I)
	EndGlobalSection
	GlobalSection(ProjectConfigurationPlatforms) = postSolution
		{541F83A1-90A2-4DF6-BB3D-53D043FD1558}.Debug|51BoardSDK.M70.1.1 (ARMV4I).ActiveCfg = Debug Lib|51BoardSDK.M70.1.1 (ARMV4I)
		{541F83A1-90A2-4DF6-BB3D-53D043FD1558}.Debug|51BoardSDK.M70.1.1 (ARMV4I).Build.0 = Debug Lib|51BoardSDK.M70.1.1 (ARMV4I)
		{541F83A1-90A2-4DF6-BB3D-53D043FD1558}.Debug|51BoardSDK.M70.1.1 (ARMV4I).Deploy.0 = Debug Lib|51BoardSDK.M70.1.1 (ARMV4I)
		{541F83A1-90A2-4DF6-BB3D-53D043FD1558}.Debug|M8SDK (ARMV4I).ActiveCfg = Debug|M8SDK (ARMV4I)
		{541F83A1-90A2-4DF6-BB3D-53D043FD1558}.Debug|M8SDK (ARMV4I).Build.0 = Debug|M8SDK (ARMV4I)
		{541F83A1-90A2-4DF6-BB3D-53D043FD1558}.Debug|M8SDK (ARMV4I).Deploy.0 = Debug|M8SDK (ARMV4I)
		{541F83A1-90A2-4DF6-BB3D-53D043FD1558}.Debug|STANDARDSDK_500 (ARMV4I).ActiveCfg = Debug|STANDARDSDK_500 (ARMV4I)
		{541F83A1-90A2-4DF6-BB3D-53D043FD1558}.Debug|STANDARDSDK_500 (ARMV4I).Build.0 = Debug|STANDARDSDK_500 (ARMV4I)
		{541F83A1-90A2-4DF6-BB3D-53D043FD1558}.Debug|STANDARDSDK_500 (ARMV4I).Deploy.0 = Debug|STANDARDSDK_500 (ARMV4I)
		{541F83A1-90A2-4DF6-BB3D-53D043FD1558}.Debug|Windows Mobile 5.0 Pocket PC SDK (ARMV4I).ActiveCfg = Debug|Windows Mobile 5.0 Pocket PC SDK (ARMV4I)
		{541F83A1-90A2-4DF6-BB3D-53D043FD1558}.Debug|Windows Mobile 5.0 Pocket PC SDK (ARMV4I).Build.0 = Debug|Windows Mobile 5.0 Pocket PC SDK (ARMV4I)
		{541F83A1-90A2-4DF6-BB3D-53D043FD1558}.Debug|Windows Mobile 5.0 Pocket PC SDK (ARMV4I).Deploy.0 = Debug|Windows Mobile 5.0 Pocket PC SDK (ARMV4I)
		{541F83A1-90A2-4DF6-BB3D-53D043FD1558}.Debug|Windows Mobile 5.0 Smartphone SDK (ARMV4I).ActiveCfg = Debug|Windows Mobile 5.0 Smartphone SDK (ARMV4I)
		{541F83A1-90A2-4DF6-BB3D-53D043FD1558}.Debug|Windows Mobile 5.0 Smartphone SDK (ARMV4I).Build.0 = Debug|Windows Mobile 5.0 Smartphone SDK (ARMV4I)
		{541F83A1-90A2-4DF6-BB3D-53D043FD1558}.Debug|Windows Mobile 5.0 Smartphone SDK (ARMV4I).Deploy.0 = Debug|Windows Mobile 5.0 Smartphone SDK (ARMV4I)
		{541F83A1-90A2-4DF6-BB3D-53D043FD1558}.Debug|Windows Mobile 6 Professional SDK (ARMV4I).ActiveCfg = Debug|Windows Mobile 6 Professional SDK (ARMV4I)
		{541F83A1-90A2-4DF6-BB3D-53D043FD1558}.Debug|Windows Mobile 6 Professional SDK (ARMV4I).Build.0 = Debug|Windows Mobile 6 Professional SDK (ARMV4I)
		{541F83A1-90A2-4DF6-BB3D-53D043FD1558}.Debug|Windows Mobile 6 Professional SDK (ARMV4I).Deploy.0 = Debug|Windows Mobile 6 Professional SDK (ARMV4I)
		{541F83A1-90A2-4DF6-BB3D-53D043FD1558}.Debug|Windows Mobile 6 Standard SDK (ARMV4I).ActiveCfg = Debug|Windows Mobile 6 Standard SDK (ARMV4I)
		{541F83A1-90A2-4DF6-BB3D-53D043FD1558}.Debug|Windows Mobile 6 Standard SDK (ARMV4I).Build.0 = Debug|Windows Mobile 6 Standard SDK (ARMV4I)
		{541F83A1-90A2-4DF6-BB3D-53D043FD1558}.Debug|Windows Mobile 6 Standard SDK (ARMV4I).Deploy.0 = Debug|Windows Mobile 6 Standard SDK (ARMV4I)
		{541F83A1-90A2-4DF6-BB3D-53D043FD1558}.Release Lib|51BoardSDK.M70.1.1 (ARMV4I).ActiveCfg = Release Lib|51BoardSDK.M70.1.1 (ARMV4I)
		{541F83A1-90A2-4DF6-BB3D-53D043FD1558}.Release Lib|51BoardSDK.M70.1.1 (ARMV4I).Build.0 = Release Lib|51BoardSDK.M70.1.1 (ARMV4I)
		{541F83A1-90A2-4DF6-BB3D-53D043FD1558}.Release Lib|51BoardSDK.M70.1.1 (ARMV4I).Deploy.0 = Release Lib|51BoardSDK.M70.1.1 (ARMV4I)
		{541F83A1-90A2-4DF6-BB3D-53D043FD1558}.Release Lib|M8SDK (ARMV4I).ActiveCfg = Release Lib|M8SDK (ARMV4I)
		{541F83A1-90A2-4DF6-BB3D-53D043FD1558}.Release Lib|M8SDK (ARMV4I).Build.0 = Release Lib|M8SDK (ARMV4I)
		{541F83A1-90A2-4DF6-BB3D-53D043FD1558}.Release Lib|M8SDK (ARMV4I).Deploy.0 = Release Lib|M8SDK (ARMV4I)
		{541F83A1-90A2-4DF6-BB3D-53D043FD1558}.Release Lib|STANDARDSDK_500 (ARMV4I).ActiveCfg = Release Lib|STANDARDSDK_500 (ARMV4I)
		{541F83A1-90A2-4DF6-BB3D-53D043FD1558}.Release Lib|STANDARDSDK_500 (ARMV4I).Build.0 = Release Lib|STANDARDSDK_500 (ARMV4I)
		{541F83A1-90A2-4DF6-BB3D-53D043FD1558}.Release Lib|STANDARDSDK_500 (ARMV4I).Deploy.0 = Release Lib|STANDARDSDK_500 (ARMV4I)
		{541F83A1-90A2-4DF6-BB3D-53D043FD1558}.Release Lib|Windows Mobile 5.0 Pocket PC SDK (ARMV4I).ActiveCfg = Release Lib|Windows Mobile 5.0 Pocket PC SDK (ARMV4I)
		{541F83A1-90A2-4DF6-BB3D-53D043FD1558}.Release Lib|Windows Mobile 5.0 Pocket PC SDK (ARMV4I).Build.0 = Release Lib|Windows Mobile 5.0 Pocket PC SDK (ARMV4I)
		{541F83A1-90A2-4DF6-BB3D-53D043FD1558}.Release Lib|Windows Mobile 5.0 Pocket PC SDK (ARMV4I).Deploy.0 = Release Lib|Windows Mobile 5.0 Pocket PC SDK (ARMV4I)
		{541F83A1-90A2-4DF6-BB3D-53D043FD1558}.Release Lib|Windows Mobile 5.0 Smartphone SDK (ARMV4I).ActiveCfg = Release Lib|Windows Mobile 5.0 Smartphone SDK (ARMV4I)
		{541F83A1-90A2-4DF6-BB3D-53D043FD1558}.Release Lib|Windows Mobile 5.0 Smartphone SDK (ARMV4I).Build.0 = Release Lib|Windows Mobile 5.0 Smartphone SDK (ARMV4I)
		{541F83A1-90A2-4DF6-BB3D-53D043FD1558}.Release Lib|Windows Mobile 5.0 Smartphone SDK (ARMV4I).Deploy.0 = Release Lib|Windows Mobile 5.0 Smartphone SDK (ARMV4I)
		{541F83A1-90A2-4DF6-BB3D-53D043FD1558}.Release Lib|Windows Mobile 6 Professional SDK (ARMV4I).ActiveCfg = Release Lib|Windows Mobile 6 Professional SDK (ARMV4I)
		{541F83A1-90A2-4DF6-BB3D-53D043FD1558}.Release Lib|Windows Mobile 6 Professional SDK (ARMV4I).Build.0 = Release Lib|Windows Mobile 6 Professional SDK (ARMV4I)
		{541F83A1-90A2-4DF6-BB3D-53D043FD1558}.Release Lib|Windows Mobile 6 Professional SDK (ARMV4I).Deploy.0 = Release Lib|Windows Mobile 6 Professional SDK (ARMV4I)
		{541F83A1-90A2-4DF6-BB3D-53D043FD1558}.Release Lib|Windows Mobile 6 Standard SDK (ARMV4I).ActiveCfg = Release Lib|Windows Mobile 6 Standard SDK (ARMV4I)
		{541F83A1-90A2-4DF6-BB3D-53D043FD1558}.Release Lib|Windows Mobile 6 Standard SDK (ARMV4I).Build.0 = Release Lib|Windows Mobile 6 Standard SDK (ARMV4I)
		{541F83A1-90A2-4DF6-BB3D-53D043FD1558}.Release Lib|Windows Mobile 6 Standard SDK (ARMV4I).Deploy.0 = Release Lib|Windows Mobile 6 Standard SDK (ARMV4I)
		{541F83A1-90A2-4DF6-BB3D-53D043FD1558}.Release|51BoardSDK.M70.1.1 (ARMV4I).ActiveCfg = Release|51BoardSDK.M70.1.1 (ARMV4I)
		{541F83A1-90A2-4DF6-BB3D-53D043FD1558}.Release|51BoardSDK.M70.1.1 (ARMV4I).Build.0 = Release|51BoardSDK.M70.1.1 (ARMV4I)
		{541F83A1-90A2-4DF6-BB3D-53D043FD1558}.Release|51BoardSDK.M70.1.1 (ARMV4I).Deploy.0 = Release|51BoardSDK.M70.1.1 (ARMV4I)
		{541F83A1-90A2-4DF6-BB3D-53D043FD1558}.Release|M8SDK (ARMV4I).ActiveCfg = Release|M8SDK (ARMV4I)
		{541F83A1-90A2-4DF6-BB3D-53D043FD1558}.Release|M8SDK (ARMV4I).Build.0 = Release|M8SDK (ARMV4I)
		{541F83A1-90A2-4DF6-BB3D-53D043FD1558}.Release|M8SDK (ARMV4I).Deploy.0 = Release|M8SDK (ARMV4I)
		{541F83A1-90A2-4DF6-BB3D-53D043FD1558}.Release|STANDARDSDK_500 (ARMV4I).ActiveCfg = Release|STANDARDSDK_500 (ARMV4I)
		{541F83A1-90A2-4DF6-BB3D-53D043FD1558}.Release|STANDARDSDK_500 (ARMV4I).Build.0 = Release|STANDARDSDK_500 (ARMV4I)
		{541F83A1-90A2-4DF6-BB3D-53D043FD1558}.Release|STANDARDSDK_500 (ARMV4I).Deploy.0 = Release|STANDARDSDK_500 (ARMV4I)
		{541F83A1-90A2-4DF6-BB3D-53D043FD1558}.Release|Windows Mobile 5.0 Pocket PC SDK (ARMV4I).ActiveCfg = Release|Windows Mobile 5.0 Pocket PC SDK (ARMV4I)
		{541F83A1-90A2-4DF6-BB3D-53D043FD1558}.Release|Windows Mobile 5.0 Pocket PC SDK (ARMV4I).Build.0 = Release|Windows Mobile 5.0 Pocket PC SDK (ARMV4I)
		{541F83A1-90A2-4DF6-BB3D-53D043FD1558}.Release|Windows Mobile 5.0 Pocket PC SDK (ARMV4I).Deploy.0 = Release|Windows Mobile 5.0 Pocket PC SDK (ARMV4I)
		{541F83A1-90A2-4DF6-BB3D-53D043FD1558}.Release|Windows Mobile 5.0 Smartphone SDK (ARMV4I).ActiveCfg = Release|Windows Mobile 5.0 Smartphone SDK (ARMV4I)
		{541F83A1-90A2-4DF6-BB3D-53D043FD1558}.Release|Windows Mobile 5.0 Smartphone SDK (ARMV4I).Build.0 = Release|Windows Mobile 5.0 Smartphone SDK (ARMV4I)
		{541F83A1-90A2-4DF6-BB3D-53D043FD1558}.Release|Windows Mobile 5.0 Smartphone SDK (ARMV4I).Deploy.0 = Release|Windows Mobile 5.0 Smartphone SDK (ARMV4I)
		{541F83A1-90A2-4DF6-BB3D-53D043FD1558}.Release|Windows Mobile 6 Professional SDK (ARMV4I).ActiveCfg = Release|Windows Mobile 6 Professional SDK (ARMV4I)
		{541F83A1-90A2-4DF6-BB3D-53D043FD1558}.Release|Windows Mobile 6 Professional SDK (ARMV4I).Build.0 = Release|Windows Mobile 6 Professional SDK (ARMV4I)
		{541F83A1-90A2-4DF6-BB3D-53D043FD1558}.Release|Windows Mobile 6 Professional SDK (ARMV4I).Deploy.0 = Release|Windows Mobile 6 Professional SDK (ARMV4I)
		{541F83A1-90A2-4DF6-BB3D-53D043FD1558}.Release|Windows Mobile 6 Standard SDK (ARMV4I).ActiveCfg = Release|Windows Mobile 6 Standard SDK (ARMV4I)
		{541F83A1-90A2-4DF6-BB3D-53D043FD1558}.Release|Windows Mobile 6 Standard SDK (ARMV4I).Build.0 = Release|Windows Mobile 6 Standard SDK (ARMV4I)
		{541F83A1-90A2-4DF6-BB3D-53D043FD1558}.Release|Windows Mobile 6 Standard SDK (ARMV4I).Deploy.0 = Release|Windows Mobile 6 Standard SDK (ARMV4I)
	EndGlobalSection
	GlobalSection(SolutionProperties) = preSolution
		HideSolutionNode = FALSE
	EndGlobalSection
EndGlobal
