
Microsoft Visual Studio Solution File, Format Version 9.00
# Visual Studio 2005
Project("{8BC9CEB8-8B4A-11D0-8D11-00A0C91BC942}") = "FingerSuiteDLL", "FingerMenuDLL\FingerMenuDll.vcproj", "{B15E40A5-A639-4360-A2BD-41B855B74F59}"
EndProject
Project("{8BC9CEB8-8B4A-11D0-8D11-00A0C91BC942}") = "FingerMenu", "FingerMenuCTRL\FMenuCTRL.vcproj", "{228436FA-5FC1-4150-9A9A-E6ECC6F7FA98}"
	ProjectSection(ProjectDependencies) = postProject
		{D214904E-54E5-49C4-8996-4BFF30BB3B2D} = {D214904E-54E5-49C4-8996-4BFF30BB3B2D}
		{B15E40A5-A639-4360-A2BD-41B855B74F59} = {B15E40A5-A639-4360-A2BD-41B855B74F59}
	EndProjectSection
EndProject
Project("{B900F1C2-3D47-4FEC-85B3-04AAF18C3634}") = "FingerSuiteCab", "FingerMenuCAB\FingerMenuCab.vddproj", "{60A36230-1FDE-4E0E-8AAB-DFCD5C001077}"
EndProject
Project("{8BC9CEB8-8B4A-11D0-8D11-00A0C91BC942}") = "FingerMenuSetupDLL", "SetupDLL\SetupDLL.vcproj", "{6761336A-5AFC-4093-BE31-2DF5570332C3}"
EndProject
Project("{8BC9CEB8-8B4A-11D0-8D11-00A0C91BC942}") = "cximage", "CxImage\cximage.vcproj", "{D214904E-54E5-49C4-8996-4BFF30BB3B2D}"
EndProject
Project("{8BC9CEB8-8B4A-11D0-8D11-00A0C91BC942}") = "FingerMsgBox", "FingerMsgBox\FingerMsgBox.vcproj", "{973BE9CB-799F-435E-A537-6A92BAEF10A0}"
	ProjectSection(ProjectDependencies) = postProject
		{D214904E-54E5-49C4-8996-4BFF30BB3B2D} = {D214904E-54E5-49C4-8996-4BFF30BB3B2D}
		{B15E40A5-A639-4360-A2BD-41B855B74F59} = {B15E40A5-A639-4360-A2BD-41B855B74F59}
	EndProjectSection
EndProject
Project("{8BC9CEB8-8B4A-11D0-8D11-00A0C91BC942}") = "FingerSuiteCPL", "FingerSuiteCPL\FingerSuiteCPL.vcproj", "{DBF5EC30-A85C-4148-A5D3-7680D31AC7A5}"
EndProject
Project("{8BC9CEB8-8B4A-11D0-8D11-00A0C91BC942}") = "FingerMenuRES", "FingerMenuRES\FingerMenuRES.vcproj", "{3690F20A-A34E-4C5A-B111-226175D9F37B}"
EndProject
Project("{8BC9CEB8-8B4A-11D0-8D11-00A0C91BC942}") = "FingerMsgboxRES", "FingerMsgboxRES\FingerMsgboxRES.vcproj", "{DD4D9390-7CE7-46DB-8C3B-A105298C637E}"
EndProject
Project("{8BC9CEB8-8B4A-11D0-8D11-00A0C91BC942}") = "FingerNotification", "FingerNotification\FingerNotification.vcproj", "{0E1DCFA2-BC1E-422D-A8CE-B2E427532673}"
	ProjectSection(ProjectDependencies) = postProject
		{D214904E-54E5-49C4-8996-4BFF30BB3B2D} = {D214904E-54E5-49C4-8996-4BFF30BB3B2D}
		{B15E40A5-A639-4360-A2BD-41B855B74F59} = {B15E40A5-A639-4360-A2BD-41B855B74F59}
	EndProjectSection
EndProject
Project("{8BC9CEB8-8B4A-11D0-8D11-00A0C91BC942}") = "FingerNotificationRES", "FingerNotificationRES\FingerNotificationRES.vcproj", "{E9188115-1FDF-45ED-B5F2-4B520165AE42}"
EndProject
Project("{8BC9CEB8-8B4A-11D0-8D11-00A0C91BC942}") = "Common", "Common\Common.vcproj", "{D0311DD9-469B-4812-87B6-02621799637C}"
EndProject
Project("{B900F1C2-3D47-4FEC-85B3-04AAF18C3634}") = "FingerMsgboxCab", "FingerMsgboxCAB\FingerMsgboxCab.vddproj", "{81D3E1CE-B1BE-484F-89BD-39FB329CD6A9}"
EndProject
Global
	GlobalSection(TeamFoundationVersionControl) = preSolution
		SccNumberOfProjects = 14
		SccEnterpriseProvider = {4CA58AB2-18FA-4F8D-95D4-32DDF27D184C}
		SccTeamFoundationServer = https://tfs06.codeplex.com/
		SccLocalPath0 = .
		SccProjectUniqueName1 = CxImage\\cximage.vcproj
		SccProjectName1 = CxImage
		SccLocalPath1 = CxImage
		SccProjectUniqueName2 = FingerMenuCAB\\FingerMenuCab.vddproj
		SccProjectName2 = FingerMenuCAB
		SccLocalPath2 = FingerMenuCAB
		SccProjectUniqueName3 = FingerMenuCTRL\\FMenuCTRL.vcproj
		SccProjectName3 = FingerMenuCTRL
		SccLocalPath3 = FingerMenuCTRL
		SccProjectUniqueName4 = FingerMenuDLL\\FingerMenuDll.vcproj
		SccProjectName4 = FingerMenuDLL
		SccLocalPath4 = FingerMenuDLL
		SccProjectUniqueName5 = FingerMenuRES\\FingerMenuRES.vcproj
		SccProjectName5 = FingerMenuRES
		SccLocalPath5 = FingerMenuRES
		SccProjectUniqueName6 = FingerMsgBox\\FingerMsgBox.vcproj
		SccProjectName6 = FingerMsgBox
		SccLocalPath6 = FingerMsgBox
		SccProjectUniqueName7 = FingerMsgboxRES\\FingerMsgboxRES.vcproj
		SccProjectName7 = FingerMsgboxRES
		SccLocalPath7 = FingerMsgboxRES
		SccProjectUniqueName8 = FingerNotification\\FingerNotification.vcproj
		SccProjectName8 = FingerNotification
		SccLocalPath8 = FingerNotification
		SccProjectUniqueName9 = FingerNotificationRES\\FingerNotificationRES.vcproj
		SccProjectName9 = FingerNotificationRES
		SccLocalPath9 = FingerNotificationRES
		SccProjectUniqueName10 = FingerSuiteCPL\\FingerSuiteCPL.vcproj
		SccProjectName10 = FingerSuiteCPL
		SccLocalPath10 = FingerSuiteCPL
		SccProjectUniqueName11 = SetupDLL\\SetupDLL.vcproj
		SccProjectName11 = SetupDLL
		SccLocalPath11 = SetupDLL
		SccProjectUniqueName12 = Common\\Common.vcproj
		SccProjectName12 = Common
		SccLocalPath12 = Common
		SccProjectUniqueName13 = FingerMsgboxCAB\\FingerMsgboxCab.vddproj
		SccProjectName13 = FingerMsgboxCAB
		SccLocalPath13 = FingerMsgboxCAB
	EndGlobalSection
	GlobalSection(SolutionConfigurationPlatforms) = preSolution
		Debug|Mixed Platforms = Debug|Mixed Platforms
		Debug|Pocket PC 2003 (ARMV4) = Debug|Pocket PC 2003 (ARMV4)
		Debug|Smartphone 2003 (ARMV4) = Debug|Smartphone 2003 (ARMV4)
		Debug|Win32 = Debug|Win32
		Debug|Windows Mobile 6 Professional SDK (ARMV4I) = Debug|Windows Mobile 6 Professional SDK (ARMV4I)
		Release|Mixed Platforms = Release|Mixed Platforms
		Release|Pocket PC 2003 (ARMV4) = Release|Pocket PC 2003 (ARMV4)
		Release|Smartphone 2003 (ARMV4) = Release|Smartphone 2003 (ARMV4)
		Release|Win32 = Release|Win32
		Release|Windows Mobile 6 Professional SDK (ARMV4I) = Release|Windows Mobile 6 Professional SDK (ARMV4I)
	EndGlobalSection
	GlobalSection(ProjectConfigurationPlatforms) = postSolution
		{B15E40A5-A639-4360-A2BD-41B855B74F59}.Debug|Mixed Platforms.ActiveCfg = Debug|Windows Mobile 6 Professional SDK (ARMV4I)
		{B15E40A5-A639-4360-A2BD-41B855B74F59}.Debug|Mixed Platforms.Build.0 = Debug|Windows Mobile 6 Professional SDK (ARMV4I)
		{B15E40A5-A639-4360-A2BD-41B855B74F59}.Debug|Mixed Platforms.Deploy.0 = Debug|Windows Mobile 6 Professional SDK (ARMV4I)
		{B15E40A5-A639-4360-A2BD-41B855B74F59}.Debug|Pocket PC 2003 (ARMV4).ActiveCfg = Debug|Windows Mobile 6 Professional SDK (ARMV4I)
		{B15E40A5-A639-4360-A2BD-41B855B74F59}.Debug|Smartphone 2003 (ARMV4).ActiveCfg = Debug|Windows Mobile 6 Professional SDK (ARMV4I)
		{B15E40A5-A639-4360-A2BD-41B855B74F59}.Debug|Win32.ActiveCfg = Debug|Windows Mobile 6 Professional SDK (ARMV4I)
		{B15E40A5-A639-4360-A2BD-41B855B74F59}.Debug|Windows Mobile 6 Professional SDK (ARMV4I).ActiveCfg = Debug|Windows Mobile 6 Professional SDK (ARMV4I)
		{B15E40A5-A639-4360-A2BD-41B855B74F59}.Debug|Windows Mobile 6 Professional SDK (ARMV4I).Build.0 = Debug|Windows Mobile 6 Professional SDK (ARMV4I)
		{B15E40A5-A639-4360-A2BD-41B855B74F59}.Debug|Windows Mobile 6 Professional SDK (ARMV4I).Deploy.0 = Debug|Windows Mobile 6 Professional SDK (ARMV4I)
		{B15E40A5-A639-4360-A2BD-41B855B74F59}.Release|Mixed Platforms.ActiveCfg = Release|Windows Mobile 6 Professional SDK (ARMV4I)
		{B15E40A5-A639-4360-A2BD-41B855B74F59}.Release|Mixed Platforms.Build.0 = Release|Windows Mobile 6 Professional SDK (ARMV4I)
		{B15E40A5-A639-4360-A2BD-41B855B74F59}.Release|Mixed Platforms.Deploy.0 = Release|Windows Mobile 6 Professional SDK (ARMV4I)
		{B15E40A5-A639-4360-A2BD-41B855B74F59}.Release|Pocket PC 2003 (ARMV4).ActiveCfg = Release|Windows Mobile 6 Professional SDK (ARMV4I)
		{B15E40A5-A639-4360-A2BD-41B855B74F59}.Release|Smartphone 2003 (ARMV4).ActiveCfg = Release|Windows Mobile 6 Professional SDK (ARMV4I)
		{B15E40A5-A639-4360-A2BD-41B855B74F59}.Release|Win32.ActiveCfg = Release|Windows Mobile 6 Professional SDK (ARMV4I)
		{B15E40A5-A639-4360-A2BD-41B855B74F59}.Release|Windows Mobile 6 Professional SDK (ARMV4I).ActiveCfg = Release|Windows Mobile 6 Professional SDK (ARMV4I)
		{B15E40A5-A639-4360-A2BD-41B855B74F59}.Release|Windows Mobile 6 Professional SDK (ARMV4I).Build.0 = Release|Windows Mobile 6 Professional SDK (ARMV4I)
		{B15E40A5-A639-4360-A2BD-41B855B74F59}.Release|Windows Mobile 6 Professional SDK (ARMV4I).Deploy.0 = Release|Windows Mobile 6 Professional SDK (ARMV4I)
		{228436FA-5FC1-4150-9A9A-E6ECC6F7FA98}.Debug|Mixed Platforms.ActiveCfg = Debug|Windows Mobile 6 Professional SDK (ARMV4I)
		{228436FA-5FC1-4150-9A9A-E6ECC6F7FA98}.Debug|Mixed Platforms.Build.0 = Debug|Windows Mobile 6 Professional SDK (ARMV4I)
		{228436FA-5FC1-4150-9A9A-E6ECC6F7FA98}.Debug|Mixed Platforms.Deploy.0 = Debug|Windows Mobile 6 Professional SDK (ARMV4I)
		{228436FA-5FC1-4150-9A9A-E6ECC6F7FA98}.Debug|Pocket PC 2003 (ARMV4).ActiveCfg = Debug|Windows Mobile 6 Professional SDK (ARMV4I)
		{228436FA-5FC1-4150-9A9A-E6ECC6F7FA98}.Debug|Smartphone 2003 (ARMV4).ActiveCfg = Debug|Windows Mobile 6 Professional SDK (ARMV4I)
		{228436FA-5FC1-4150-9A9A-E6ECC6F7FA98}.Debug|Win32.ActiveCfg = Debug|Windows Mobile 6 Professional SDK (ARMV4I)
		{228436FA-5FC1-4150-9A9A-E6ECC6F7FA98}.Debug|Windows Mobile 6 Professional SDK (ARMV4I).ActiveCfg = Debug|Windows Mobile 6 Professional SDK (ARMV4I)
		{228436FA-5FC1-4150-9A9A-E6ECC6F7FA98}.Release|Mixed Platforms.ActiveCfg = Release|Windows Mobile 6 Professional SDK (ARMV4I)
		{228436FA-5FC1-4150-9A9A-E6ECC6F7FA98}.Release|Mixed Platforms.Build.0 = Release|Windows Mobile 6 Professional SDK (ARMV4I)
		{228436FA-5FC1-4150-9A9A-E6ECC6F7FA98}.Release|Mixed Platforms.Deploy.0 = Release|Windows Mobile 6 Professional SDK (ARMV4I)
		{228436FA-5FC1-4150-9A9A-E6ECC6F7FA98}.Release|Pocket PC 2003 (ARMV4).ActiveCfg = Release|Windows Mobile 6 Professional SDK (ARMV4I)
		{228436FA-5FC1-4150-9A9A-E6ECC6F7FA98}.Release|Smartphone 2003 (ARMV4).ActiveCfg = Release|Windows Mobile 6 Professional SDK (ARMV4I)
		{228436FA-5FC1-4150-9A9A-E6ECC6F7FA98}.Release|Win32.ActiveCfg = Release|Windows Mobile 6 Professional SDK (ARMV4I)
		{228436FA-5FC1-4150-9A9A-E6ECC6F7FA98}.Release|Windows Mobile 6 Professional SDK (ARMV4I).ActiveCfg = Release|Windows Mobile 6 Professional SDK (ARMV4I)
		{228436FA-5FC1-4150-9A9A-E6ECC6F7FA98}.Release|Windows Mobile 6 Professional SDK (ARMV4I).Build.0 = Release|Windows Mobile 6 Professional SDK (ARMV4I)
		{228436FA-5FC1-4150-9A9A-E6ECC6F7FA98}.Release|Windows Mobile 6 Professional SDK (ARMV4I).Deploy.0 = Release|Windows Mobile 6 Professional SDK (ARMV4I)
		{60A36230-1FDE-4E0E-8AAB-DFCD5C001077}.Debug|Mixed Platforms.ActiveCfg = Debug
		{60A36230-1FDE-4E0E-8AAB-DFCD5C001077}.Debug|Mixed Platforms.Build.0 = Debug
		{60A36230-1FDE-4E0E-8AAB-DFCD5C001077}.Debug|Pocket PC 2003 (ARMV4).ActiveCfg = Debug
		{60A36230-1FDE-4E0E-8AAB-DFCD5C001077}.Debug|Pocket PC 2003 (ARMV4).Build.0 = Debug
		{60A36230-1FDE-4E0E-8AAB-DFCD5C001077}.Debug|Smartphone 2003 (ARMV4).ActiveCfg = Debug
		{60A36230-1FDE-4E0E-8AAB-DFCD5C001077}.Debug|Smartphone 2003 (ARMV4).Build.0 = Debug
		{60A36230-1FDE-4E0E-8AAB-DFCD5C001077}.Debug|Win32.ActiveCfg = Debug
		{60A36230-1FDE-4E0E-8AAB-DFCD5C001077}.Debug|Win32.Build.0 = Debug
		{60A36230-1FDE-4E0E-8AAB-DFCD5C001077}.Debug|Windows Mobile 6 Professional SDK (ARMV4I).ActiveCfg = Debug
		{60A36230-1FDE-4E0E-8AAB-DFCD5C001077}.Release|Mixed Platforms.ActiveCfg = Release
		{60A36230-1FDE-4E0E-8AAB-DFCD5C001077}.Release|Mixed Platforms.Build.0 = Release
		{60A36230-1FDE-4E0E-8AAB-DFCD5C001077}.Release|Pocket PC 2003 (ARMV4).ActiveCfg = Release
		{60A36230-1FDE-4E0E-8AAB-DFCD5C001077}.Release|Pocket PC 2003 (ARMV4).Build.0 = Release
		{60A36230-1FDE-4E0E-8AAB-DFCD5C001077}.Release|Smartphone 2003 (ARMV4).ActiveCfg = Release
		{60A36230-1FDE-4E0E-8AAB-DFCD5C001077}.Release|Smartphone 2003 (ARMV4).Build.0 = Release
		{60A36230-1FDE-4E0E-8AAB-DFCD5C001077}.Release|Win32.ActiveCfg = Release
		{60A36230-1FDE-4E0E-8AAB-DFCD5C001077}.Release|Win32.Build.0 = Release
		{60A36230-1FDE-4E0E-8AAB-DFCD5C001077}.Release|Windows Mobile 6 Professional SDK (ARMV4I).ActiveCfg = Release
		{60A36230-1FDE-4E0E-8AAB-DFCD5C001077}.Release|Windows Mobile 6 Professional SDK (ARMV4I).Build.0 = Release
		{6761336A-5AFC-4093-BE31-2DF5570332C3}.Debug|Mixed Platforms.ActiveCfg = Debug|Windows Mobile 6 Professional SDK (ARMV4I)
		{6761336A-5AFC-4093-BE31-2DF5570332C3}.Debug|Mixed Platforms.Build.0 = Debug|Windows Mobile 6 Professional SDK (ARMV4I)
		{6761336A-5AFC-4093-BE31-2DF5570332C3}.Debug|Mixed Platforms.Deploy.0 = Debug|Windows Mobile 6 Professional SDK (ARMV4I)
		{6761336A-5AFC-4093-BE31-2DF5570332C3}.Debug|Pocket PC 2003 (ARMV4).ActiveCfg = Debug|Windows Mobile 6 Professional SDK (ARMV4I)
		{6761336A-5AFC-4093-BE31-2DF5570332C3}.Debug|Smartphone 2003 (ARMV4).ActiveCfg = Debug|Windows Mobile 6 Professional SDK (ARMV4I)
		{6761336A-5AFC-4093-BE31-2DF5570332C3}.Debug|Win32.ActiveCfg = Debug|Windows Mobile 6 Professional SDK (ARMV4I)
		{6761336A-5AFC-4093-BE31-2DF5570332C3}.Debug|Windows Mobile 6 Professional SDK (ARMV4I).ActiveCfg = Debug|Windows Mobile 6 Professional SDK (ARMV4I)
		{6761336A-5AFC-4093-BE31-2DF5570332C3}.Release|Mixed Platforms.ActiveCfg = Release|Windows Mobile 6 Professional SDK (ARMV4I)
		{6761336A-5AFC-4093-BE31-2DF5570332C3}.Release|Mixed Platforms.Build.0 = Release|Windows Mobile 6 Professional SDK (ARMV4I)
		{6761336A-5AFC-4093-BE31-2DF5570332C3}.Release|Mixed Platforms.Deploy.0 = Release|Windows Mobile 6 Professional SDK (ARMV4I)
		{6761336A-5AFC-4093-BE31-2DF5570332C3}.Release|Pocket PC 2003 (ARMV4).ActiveCfg = Release|Windows Mobile 6 Professional SDK (ARMV4I)
		{6761336A-5AFC-4093-BE31-2DF5570332C3}.Release|Smartphone 2003 (ARMV4).ActiveCfg = Release|Windows Mobile 6 Professional SDK (ARMV4I)
		{6761336A-5AFC-4093-BE31-2DF5570332C3}.Release|Win32.ActiveCfg = Release|Windows Mobile 6 Professional SDK (ARMV4I)
		{6761336A-5AFC-4093-BE31-2DF5570332C3}.Release|Windows Mobile 6 Professional SDK (ARMV4I).ActiveCfg = Release|Windows Mobile 6 Professional SDK (ARMV4I)
		{6761336A-5AFC-4093-BE31-2DF5570332C3}.Release|Windows Mobile 6 Professional SDK (ARMV4I).Build.0 = Release|Windows Mobile 6 Professional SDK (ARMV4I)
		{6761336A-5AFC-4093-BE31-2DF5570332C3}.Release|Windows Mobile 6 Professional SDK (ARMV4I).Deploy.0 = Release|Windows Mobile 6 Professional SDK (ARMV4I)
		{D214904E-54E5-49C4-8996-4BFF30BB3B2D}.Debug|Mixed Platforms.ActiveCfg = Debug|Windows Mobile 6 Professional SDK (ARMV4I)
		{D214904E-54E5-49C4-8996-4BFF30BB3B2D}.Debug|Mixed Platforms.Build.0 = Debug|Windows Mobile 6 Professional SDK (ARMV4I)
		{D214904E-54E5-49C4-8996-4BFF30BB3B2D}.Debug|Mixed Platforms.Deploy.0 = Debug|Windows Mobile 6 Professional SDK (ARMV4I)
		{D214904E-54E5-49C4-8996-4BFF30BB3B2D}.Debug|Pocket PC 2003 (ARMV4).ActiveCfg = Debug|Windows Mobile 6 Professional SDK (ARMV4I)
		{D214904E-54E5-49C4-8996-4BFF30BB3B2D}.Debug|Smartphone 2003 (ARMV4).ActiveCfg = Debug|Windows Mobile 6 Professional SDK (ARMV4I)
		{D214904E-54E5-49C4-8996-4BFF30BB3B2D}.Debug|Win32.ActiveCfg = Debug|Windows Mobile 6 Professional SDK (ARMV4I)
		{D214904E-54E5-49C4-8996-4BFF30BB3B2D}.Debug|Windows Mobile 6 Professional SDK (ARMV4I).ActiveCfg = Debug|Windows Mobile 6 Professional SDK (ARMV4I)
		{D214904E-54E5-49C4-8996-4BFF30BB3B2D}.Debug|Windows Mobile 6 Professional SDK (ARMV4I).Build.0 = Debug|Windows Mobile 6 Professional SDK (ARMV4I)
		{D214904E-54E5-49C4-8996-4BFF30BB3B2D}.Debug|Windows Mobile 6 Professional SDK (ARMV4I).Deploy.0 = Debug|Windows Mobile 6 Professional SDK (ARMV4I)
		{D214904E-54E5-49C4-8996-4BFF30BB3B2D}.Release|Mixed Platforms.ActiveCfg = Release|Windows Mobile 6 Professional SDK (ARMV4I)
		{D214904E-54E5-49C4-8996-4BFF30BB3B2D}.Release|Mixed Platforms.Build.0 = Release|Windows Mobile 6 Professional SDK (ARMV4I)
		{D214904E-54E5-49C4-8996-4BFF30BB3B2D}.Release|Mixed Platforms.Deploy.0 = Release|Windows Mobile 6 Professional SDK (ARMV4I)
		{D214904E-54E5-49C4-8996-4BFF30BB3B2D}.Release|Pocket PC 2003 (ARMV4).ActiveCfg = Release|Windows Mobile 6 Professional SDK (ARMV4I)
		{D214904E-54E5-49C4-8996-4BFF30BB3B2D}.Release|Smartphone 2003 (ARMV4).ActiveCfg = Release|Windows Mobile 6 Professional SDK (ARMV4I)
		{D214904E-54E5-49C4-8996-4BFF30BB3B2D}.Release|Win32.ActiveCfg = Release|Windows Mobile 6 Professional SDK (ARMV4I)
		{D214904E-54E5-49C4-8996-4BFF30BB3B2D}.Release|Windows Mobile 6 Professional SDK (ARMV4I).ActiveCfg = Release|Windows Mobile 6 Professional SDK (ARMV4I)
		{D214904E-54E5-49C4-8996-4BFF30BB3B2D}.Release|Windows Mobile 6 Professional SDK (ARMV4I).Build.0 = Release|Windows Mobile 6 Professional SDK (ARMV4I)
		{D214904E-54E5-49C4-8996-4BFF30BB3B2D}.Release|Windows Mobile 6 Professional SDK (ARMV4I).Deploy.0 = Release|Windows Mobile 6 Professional SDK (ARMV4I)
		{973BE9CB-799F-435E-A537-6A92BAEF10A0}.Debug|Mixed Platforms.ActiveCfg = Debug|Windows Mobile 6 Professional SDK (ARMV4I)
		{973BE9CB-799F-435E-A537-6A92BAEF10A0}.Debug|Mixed Platforms.Build.0 = Debug|Windows Mobile 6 Professional SDK (ARMV4I)
		{973BE9CB-799F-435E-A537-6A92BAEF10A0}.Debug|Mixed Platforms.Deploy.0 = Debug|Windows Mobile 6 Professional SDK (ARMV4I)
		{973BE9CB-799F-435E-A537-6A92BAEF10A0}.Debug|Pocket PC 2003 (ARMV4).ActiveCfg = Debug|Windows Mobile 6 Professional SDK (ARMV4I)
		{973BE9CB-799F-435E-A537-6A92BAEF10A0}.Debug|Smartphone 2003 (ARMV4).ActiveCfg = Debug|Windows Mobile 6 Professional SDK (ARMV4I)
		{973BE9CB-799F-435E-A537-6A92BAEF10A0}.Debug|Win32.ActiveCfg = Debug|Windows Mobile 6 Professional SDK (ARMV4I)
		{973BE9CB-799F-435E-A537-6A92BAEF10A0}.Debug|Windows Mobile 6 Professional SDK (ARMV4I).ActiveCfg = Debug|Windows Mobile 6 Professional SDK (ARMV4I)
		{973BE9CB-799F-435E-A537-6A92BAEF10A0}.Release|Mixed Platforms.ActiveCfg = Release|Windows Mobile 6 Professional SDK (ARMV4I)
		{973BE9CB-799F-435E-A537-6A92BAEF10A0}.Release|Mixed Platforms.Build.0 = Release|Windows Mobile 6 Professional SDK (ARMV4I)
		{973BE9CB-799F-435E-A537-6A92BAEF10A0}.Release|Mixed Platforms.Deploy.0 = Release|Windows Mobile 6 Professional SDK (ARMV4I)
		{973BE9CB-799F-435E-A537-6A92BAEF10A0}.Release|Pocket PC 2003 (ARMV4).ActiveCfg = Release|Windows Mobile 6 Professional SDK (ARMV4I)
		{973BE9CB-799F-435E-A537-6A92BAEF10A0}.Release|Smartphone 2003 (ARMV4).ActiveCfg = Release|Windows Mobile 6 Professional SDK (ARMV4I)
		{973BE9CB-799F-435E-A537-6A92BAEF10A0}.Release|Win32.ActiveCfg = Release|Windows Mobile 6 Professional SDK (ARMV4I)
		{973BE9CB-799F-435E-A537-6A92BAEF10A0}.Release|Windows Mobile 6 Professional SDK (ARMV4I).ActiveCfg = Release|Windows Mobile 6 Professional SDK (ARMV4I)
		{973BE9CB-799F-435E-A537-6A92BAEF10A0}.Release|Windows Mobile 6 Professional SDK (ARMV4I).Build.0 = Release|Windows Mobile 6 Professional SDK (ARMV4I)
		{973BE9CB-799F-435E-A537-6A92BAEF10A0}.Release|Windows Mobile 6 Professional SDK (ARMV4I).Deploy.0 = Release|Windows Mobile 6 Professional SDK (ARMV4I)
		{DBF5EC30-A85C-4148-A5D3-7680D31AC7A5}.Debug|Mixed Platforms.ActiveCfg = Debug|Windows Mobile 6 Professional SDK (ARMV4I)
		{DBF5EC30-A85C-4148-A5D3-7680D31AC7A5}.Debug|Mixed Platforms.Build.0 = Debug|Windows Mobile 6 Professional SDK (ARMV4I)
		{DBF5EC30-A85C-4148-A5D3-7680D31AC7A5}.Debug|Mixed Platforms.Deploy.0 = Debug|Windows Mobile 6 Professional SDK (ARMV4I)
		{DBF5EC30-A85C-4148-A5D3-7680D31AC7A5}.Debug|Pocket PC 2003 (ARMV4).ActiveCfg = Debug|Windows Mobile 6 Professional SDK (ARMV4I)
		{DBF5EC30-A85C-4148-A5D3-7680D31AC7A5}.Debug|Smartphone 2003 (ARMV4).ActiveCfg = Debug|Windows Mobile 6 Professional SDK (ARMV4I)
		{DBF5EC30-A85C-4148-A5D3-7680D31AC7A5}.Debug|Win32.ActiveCfg = Debug|Windows Mobile 6 Professional SDK (ARMV4I)
		{DBF5EC30-A85C-4148-A5D3-7680D31AC7A5}.Debug|Windows Mobile 6 Professional SDK (ARMV4I).ActiveCfg = Debug|Windows Mobile 6 Professional SDK (ARMV4I)
		{DBF5EC30-A85C-4148-A5D3-7680D31AC7A5}.Release|Mixed Platforms.ActiveCfg = Release|Windows Mobile 6 Professional SDK (ARMV4I)
		{DBF5EC30-A85C-4148-A5D3-7680D31AC7A5}.Release|Mixed Platforms.Build.0 = Release|Windows Mobile 6 Professional SDK (ARMV4I)
		{DBF5EC30-A85C-4148-A5D3-7680D31AC7A5}.Release|Mixed Platforms.Deploy.0 = Release|Windows Mobile 6 Professional SDK (ARMV4I)
		{DBF5EC30-A85C-4148-A5D3-7680D31AC7A5}.Release|Pocket PC 2003 (ARMV4).ActiveCfg = Release|Windows Mobile 6 Professional SDK (ARMV4I)
		{DBF5EC30-A85C-4148-A5D3-7680D31AC7A5}.Release|Smartphone 2003 (ARMV4).ActiveCfg = Release|Windows Mobile 6 Professional SDK (ARMV4I)
		{DBF5EC30-A85C-4148-A5D3-7680D31AC7A5}.Release|Win32.ActiveCfg = Release|Windows Mobile 6 Professional SDK (ARMV4I)
		{DBF5EC30-A85C-4148-A5D3-7680D31AC7A5}.Release|Windows Mobile 6 Professional SDK (ARMV4I).ActiveCfg = Release|Windows Mobile 6 Professional SDK (ARMV4I)
		{DBF5EC30-A85C-4148-A5D3-7680D31AC7A5}.Release|Windows Mobile 6 Professional SDK (ARMV4I).Build.0 = Release|Windows Mobile 6 Professional SDK (ARMV4I)
		{DBF5EC30-A85C-4148-A5D3-7680D31AC7A5}.Release|Windows Mobile 6 Professional SDK (ARMV4I).Deploy.0 = Release|Windows Mobile 6 Professional SDK (ARMV4I)
		{3690F20A-A34E-4C5A-B111-226175D9F37B}.Debug|Mixed Platforms.ActiveCfg = Debug|Windows Mobile 6 Professional SDK (ARMV4I)
		{3690F20A-A34E-4C5A-B111-226175D9F37B}.Debug|Mixed Platforms.Build.0 = Debug|Windows Mobile 6 Professional SDK (ARMV4I)
		{3690F20A-A34E-4C5A-B111-226175D9F37B}.Debug|Mixed Platforms.Deploy.0 = Debug|Windows Mobile 6 Professional SDK (ARMV4I)
		{3690F20A-A34E-4C5A-B111-226175D9F37B}.Debug|Pocket PC 2003 (ARMV4).ActiveCfg = Debug|Windows Mobile 6 Professional SDK (ARMV4I)
		{3690F20A-A34E-4C5A-B111-226175D9F37B}.Debug|Smartphone 2003 (ARMV4).ActiveCfg = Debug|Windows Mobile 6 Professional SDK (ARMV4I)
		{3690F20A-A34E-4C5A-B111-226175D9F37B}.Debug|Win32.ActiveCfg = Debug|Windows Mobile 6 Professional SDK (ARMV4I)
		{3690F20A-A34E-4C5A-B111-226175D9F37B}.Debug|Windows Mobile 6 Professional SDK (ARMV4I).ActiveCfg = Debug|Windows Mobile 6 Professional SDK (ARMV4I)
		{3690F20A-A34E-4C5A-B111-226175D9F37B}.Release|Mixed Platforms.ActiveCfg = Release|Windows Mobile 6 Professional SDK (ARMV4I)
		{3690F20A-A34E-4C5A-B111-226175D9F37B}.Release|Mixed Platforms.Build.0 = Release|Windows Mobile 6 Professional SDK (ARMV4I)
		{3690F20A-A34E-4C5A-B111-226175D9F37B}.Release|Mixed Platforms.Deploy.0 = Release|Windows Mobile 6 Professional SDK (ARMV4I)
		{3690F20A-A34E-4C5A-B111-226175D9F37B}.Release|Pocket PC 2003 (ARMV4).ActiveCfg = Release|Windows Mobile 6 Professional SDK (ARMV4I)
		{3690F20A-A34E-4C5A-B111-226175D9F37B}.Release|Smartphone 2003 (ARMV4).ActiveCfg = Release|Windows Mobile 6 Professional SDK (ARMV4I)
		{3690F20A-A34E-4C5A-B111-226175D9F37B}.Release|Win32.ActiveCfg = Release|Windows Mobile 6 Professional SDK (ARMV4I)
		{3690F20A-A34E-4C5A-B111-226175D9F37B}.Release|Windows Mobile 6 Professional SDK (ARMV4I).ActiveCfg = Release|Windows Mobile 6 Professional SDK (ARMV4I)
		{3690F20A-A34E-4C5A-B111-226175D9F37B}.Release|Windows Mobile 6 Professional SDK (ARMV4I).Build.0 = Release|Windows Mobile 6 Professional SDK (ARMV4I)
		{3690F20A-A34E-4C5A-B111-226175D9F37B}.Release|Windows Mobile 6 Professional SDK (ARMV4I).Deploy.0 = Release|Windows Mobile 6 Professional SDK (ARMV4I)
		{DD4D9390-7CE7-46DB-8C3B-A105298C637E}.Debug|Mixed Platforms.ActiveCfg = Debug|Windows Mobile 6 Professional SDK (ARMV4I)
		{DD4D9390-7CE7-46DB-8C3B-A105298C637E}.Debug|Mixed Platforms.Build.0 = Debug|Windows Mobile 6 Professional SDK (ARMV4I)
		{DD4D9390-7CE7-46DB-8C3B-A105298C637E}.Debug|Mixed Platforms.Deploy.0 = Debug|Windows Mobile 6 Professional SDK (ARMV4I)
		{DD4D9390-7CE7-46DB-8C3B-A105298C637E}.Debug|Pocket PC 2003 (ARMV4).ActiveCfg = Debug|Windows Mobile 6 Professional SDK (ARMV4I)
		{DD4D9390-7CE7-46DB-8C3B-A105298C637E}.Debug|Smartphone 2003 (ARMV4).ActiveCfg = Debug|Windows Mobile 6 Professional SDK (ARMV4I)
		{DD4D9390-7CE7-46DB-8C3B-A105298C637E}.Debug|Win32.ActiveCfg = Debug|Windows Mobile 6 Professional SDK (ARMV4I)
		{DD4D9390-7CE7-46DB-8C3B-A105298C637E}.Debug|Windows Mobile 6 Professional SDK (ARMV4I).ActiveCfg = Debug|Windows Mobile 6 Professional SDK (ARMV4I)
		{DD4D9390-7CE7-46DB-8C3B-A105298C637E}.Release|Mixed Platforms.ActiveCfg = Release|Windows Mobile 6 Professional SDK (ARMV4I)
		{DD4D9390-7CE7-46DB-8C3B-A105298C637E}.Release|Mixed Platforms.Build.0 = Release|Windows Mobile 6 Professional SDK (ARMV4I)
		{DD4D9390-7CE7-46DB-8C3B-A105298C637E}.Release|Mixed Platforms.Deploy.0 = Release|Windows Mobile 6 Professional SDK (ARMV4I)
		{DD4D9390-7CE7-46DB-8C3B-A105298C637E}.Release|Pocket PC 2003 (ARMV4).ActiveCfg = Release|Windows Mobile 6 Professional SDK (ARMV4I)
		{DD4D9390-7CE7-46DB-8C3B-A105298C637E}.Release|Smartphone 2003 (ARMV4).ActiveCfg = Release|Windows Mobile 6 Professional SDK (ARMV4I)
		{DD4D9390-7CE7-46DB-8C3B-A105298C637E}.Release|Win32.ActiveCfg = Release|Windows Mobile 6 Professional SDK (ARMV4I)
		{DD4D9390-7CE7-46DB-8C3B-A105298C637E}.Release|Windows Mobile 6 Professional SDK (ARMV4I).ActiveCfg = Release|Windows Mobile 6 Professional SDK (ARMV4I)
		{DD4D9390-7CE7-46DB-8C3B-A105298C637E}.Release|Windows Mobile 6 Professional SDK (ARMV4I).Build.0 = Release|Windows Mobile 6 Professional SDK (ARMV4I)
		{DD4D9390-7CE7-46DB-8C3B-A105298C637E}.Release|Windows Mobile 6 Professional SDK (ARMV4I).Deploy.0 = Release|Windows Mobile 6 Professional SDK (ARMV4I)
		{0E1DCFA2-BC1E-422D-A8CE-B2E427532673}.Debug|Mixed Platforms.ActiveCfg = Debug|Windows Mobile 6 Professional SDK (ARMV4I)
		{0E1DCFA2-BC1E-422D-A8CE-B2E427532673}.Debug|Mixed Platforms.Build.0 = Debug|Windows Mobile 6 Professional SDK (ARMV4I)
		{0E1DCFA2-BC1E-422D-A8CE-B2E427532673}.Debug|Mixed Platforms.Deploy.0 = Debug|Windows Mobile 6 Professional SDK (ARMV4I)
		{0E1DCFA2-BC1E-422D-A8CE-B2E427532673}.Debug|Pocket PC 2003 (ARMV4).ActiveCfg = Debug|Windows Mobile 6 Professional SDK (ARMV4I)
		{0E1DCFA2-BC1E-422D-A8CE-B2E427532673}.Debug|Smartphone 2003 (ARMV4).ActiveCfg = Debug|Windows Mobile 6 Professional SDK (ARMV4I)
		{0E1DCFA2-BC1E-422D-A8CE-B2E427532673}.Debug|Win32.ActiveCfg = Debug|Windows Mobile 6 Professional SDK (ARMV4I)
		{0E1DCFA2-BC1E-422D-A8CE-B2E427532673}.Debug|Windows Mobile 6 Professional SDK (ARMV4I).ActiveCfg = Debug|Windows Mobile 6 Professional SDK (ARMV4I)
		{0E1DCFA2-BC1E-422D-A8CE-B2E427532673}.Debug|Windows Mobile 6 Professional SDK (ARMV4I).Build.0 = Debug|Windows Mobile 6 Professional SDK (ARMV4I)
		{0E1DCFA2-BC1E-422D-A8CE-B2E427532673}.Debug|Windows Mobile 6 Professional SDK (ARMV4I).Deploy.0 = Debug|Windows Mobile 6 Professional SDK (ARMV4I)
		{0E1DCFA2-BC1E-422D-A8CE-B2E427532673}.Release|Mixed Platforms.ActiveCfg = Release|Windows Mobile 6 Professional SDK (ARMV4I)
		{0E1DCFA2-BC1E-422D-A8CE-B2E427532673}.Release|Mixed Platforms.Build.0 = Release|Windows Mobile 6 Professional SDK (ARMV4I)
		{0E1DCFA2-BC1E-422D-A8CE-B2E427532673}.Release|Mixed Platforms.Deploy.0 = Release|Windows Mobile 6 Professional SDK (ARMV4I)
		{0E1DCFA2-BC1E-422D-A8CE-B2E427532673}.Release|Pocket PC 2003 (ARMV4).ActiveCfg = Release|Windows Mobile 6 Professional SDK (ARMV4I)
		{0E1DCFA2-BC1E-422D-A8CE-B2E427532673}.Release|Smartphone 2003 (ARMV4).ActiveCfg = Release|Windows Mobile 6 Professional SDK (ARMV4I)
		{0E1DCFA2-BC1E-422D-A8CE-B2E427532673}.Release|Win32.ActiveCfg = Release|Windows Mobile 6 Professional SDK (ARMV4I)
		{0E1DCFA2-BC1E-422D-A8CE-B2E427532673}.Release|Windows Mobile 6 Professional SDK (ARMV4I).ActiveCfg = Release|Windows Mobile 6 Professional SDK (ARMV4I)
		{0E1DCFA2-BC1E-422D-A8CE-B2E427532673}.Release|Windows Mobile 6 Professional SDK (ARMV4I).Build.0 = Release|Windows Mobile 6 Professional SDK (ARMV4I)
		{0E1DCFA2-BC1E-422D-A8CE-B2E427532673}.Release|Windows Mobile 6 Professional SDK (ARMV4I).Deploy.0 = Release|Windows Mobile 6 Professional SDK (ARMV4I)
		{E9188115-1FDF-45ED-B5F2-4B520165AE42}.Debug|Mixed Platforms.ActiveCfg = Debug|Windows Mobile 6 Professional SDK (ARMV4I)
		{E9188115-1FDF-45ED-B5F2-4B520165AE42}.Debug|Mixed Platforms.Build.0 = Debug|Windows Mobile 6 Professional SDK (ARMV4I)
		{E9188115-1FDF-45ED-B5F2-4B520165AE42}.Debug|Mixed Platforms.Deploy.0 = Debug|Windows Mobile 6 Professional SDK (ARMV4I)
		{E9188115-1FDF-45ED-B5F2-4B520165AE42}.Debug|Pocket PC 2003 (ARMV4).ActiveCfg = Debug|Windows Mobile 6 Professional SDK (ARMV4I)
		{E9188115-1FDF-45ED-B5F2-4B520165AE42}.Debug|Smartphone 2003 (ARMV4).ActiveCfg = Debug|Windows Mobile 6 Professional SDK (ARMV4I)
		{E9188115-1FDF-45ED-B5F2-4B520165AE42}.Debug|Win32.ActiveCfg = Debug|Windows Mobile 6 Professional SDK (ARMV4I)
		{E9188115-1FDF-45ED-B5F2-4B520165AE42}.Debug|Windows Mobile 6 Professional SDK (ARMV4I).ActiveCfg = Debug|Windows Mobile 6 Professional SDK (ARMV4I)
		{E9188115-1FDF-45ED-B5F2-4B520165AE42}.Debug|Windows Mobile 6 Professional SDK (ARMV4I).Build.0 = Debug|Windows Mobile 6 Professional SDK (ARMV4I)
		{E9188115-1FDF-45ED-B5F2-4B520165AE42}.Debug|Windows Mobile 6 Professional SDK (ARMV4I).Deploy.0 = Debug|Windows Mobile 6 Professional SDK (ARMV4I)
		{E9188115-1FDF-45ED-B5F2-4B520165AE42}.Release|Mixed Platforms.ActiveCfg = Release|Windows Mobile 6 Professional SDK (ARMV4I)
		{E9188115-1FDF-45ED-B5F2-4B520165AE42}.Release|Mixed Platforms.Build.0 = Release|Windows Mobile 6 Professional SDK (ARMV4I)
		{E9188115-1FDF-45ED-B5F2-4B520165AE42}.Release|Mixed Platforms.Deploy.0 = Release|Windows Mobile 6 Professional SDK (ARMV4I)
		{E9188115-1FDF-45ED-B5F2-4B520165AE42}.Release|Pocket PC 2003 (ARMV4).ActiveCfg = Release|Windows Mobile 6 Professional SDK (ARMV4I)
		{E9188115-1FDF-45ED-B5F2-4B520165AE42}.Release|Smartphone 2003 (ARMV4).ActiveCfg = Release|Windows Mobile 6 Professional SDK (ARMV4I)
		{E9188115-1FDF-45ED-B5F2-4B520165AE42}.Release|Win32.ActiveCfg = Release|Windows Mobile 6 Professional SDK (ARMV4I)
		{E9188115-1FDF-45ED-B5F2-4B520165AE42}.Release|Windows Mobile 6 Professional SDK (ARMV4I).ActiveCfg = Release|Windows Mobile 6 Professional SDK (ARMV4I)
		{E9188115-1FDF-45ED-B5F2-4B520165AE42}.Release|Windows Mobile 6 Professional SDK (ARMV4I).Build.0 = Release|Windows Mobile 6 Professional SDK (ARMV4I)
		{E9188115-1FDF-45ED-B5F2-4B520165AE42}.Release|Windows Mobile 6 Professional SDK (ARMV4I).Deploy.0 = Release|Windows Mobile 6 Professional SDK (ARMV4I)
		{D0311DD9-469B-4812-87B6-02621799637C}.Debug|Mixed Platforms.ActiveCfg = Debug|Win32
		{D0311DD9-469B-4812-87B6-02621799637C}.Debug|Mixed Platforms.Build.0 = Debug|Win32
		{D0311DD9-469B-4812-87B6-02621799637C}.Debug|Pocket PC 2003 (ARMV4).ActiveCfg = Debug|Win32
		{D0311DD9-469B-4812-87B6-02621799637C}.Debug|Smartphone 2003 (ARMV4).ActiveCfg = Debug|Win32
		{D0311DD9-469B-4812-87B6-02621799637C}.Debug|Win32.ActiveCfg = Debug|Win32
		{D0311DD9-469B-4812-87B6-02621799637C}.Debug|Win32.Build.0 = Debug|Win32
		{D0311DD9-469B-4812-87B6-02621799637C}.Debug|Windows Mobile 6 Professional SDK (ARMV4I).ActiveCfg = Debug|Win32
		{D0311DD9-469B-4812-87B6-02621799637C}.Release|Mixed Platforms.ActiveCfg = Release|Win32
		{D0311DD9-469B-4812-87B6-02621799637C}.Release|Mixed Platforms.Build.0 = Release|Win32
		{D0311DD9-469B-4812-87B6-02621799637C}.Release|Pocket PC 2003 (ARMV4).ActiveCfg = Release|Win32
		{D0311DD9-469B-4812-87B6-02621799637C}.Release|Smartphone 2003 (ARMV4).ActiveCfg = Release|Win32
		{D0311DD9-469B-4812-87B6-02621799637C}.Release|Win32.ActiveCfg = Release|Win32
		{D0311DD9-469B-4812-87B6-02621799637C}.Release|Win32.Build.0 = Release|Win32
		{D0311DD9-469B-4812-87B6-02621799637C}.Release|Windows Mobile 6 Professional SDK (ARMV4I).ActiveCfg = Release|Win32
		{81D3E1CE-B1BE-484F-89BD-39FB329CD6A9}.Debug|Mixed Platforms.ActiveCfg = Debug
		{81D3E1CE-B1BE-484F-89BD-39FB329CD6A9}.Debug|Mixed Platforms.Build.0 = Debug
		{81D3E1CE-B1BE-484F-89BD-39FB329CD6A9}.Debug|Pocket PC 2003 (ARMV4).ActiveCfg = Debug
		{81D3E1CE-B1BE-484F-89BD-39FB329CD6A9}.Debug|Pocket PC 2003 (ARMV4).Build.0 = Debug
		{81D3E1CE-B1BE-484F-89BD-39FB329CD6A9}.Debug|Smartphone 2003 (ARMV4).ActiveCfg = Debug
		{81D3E1CE-B1BE-484F-89BD-39FB329CD6A9}.Debug|Smartphone 2003 (ARMV4).Build.0 = Debug
		{81D3E1CE-B1BE-484F-89BD-39FB329CD6A9}.Debug|Win32.ActiveCfg = Debug
		{81D3E1CE-B1BE-484F-89BD-39FB329CD6A9}.Debug|Win32.Build.0 = Debug
		{81D3E1CE-B1BE-484F-89BD-39FB329CD6A9}.Debug|Windows Mobile 6 Professional SDK (ARMV4I).ActiveCfg = Debug
		{81D3E1CE-B1BE-484F-89BD-39FB329CD6A9}.Release|Mixed Platforms.ActiveCfg = Release
		{81D3E1CE-B1BE-484F-89BD-39FB329CD6A9}.Release|Mixed Platforms.Build.0 = Release
		{81D3E1CE-B1BE-484F-89BD-39FB329CD6A9}.Release|Pocket PC 2003 (ARMV4).ActiveCfg = Release
		{81D3E1CE-B1BE-484F-89BD-39FB329CD6A9}.Release|Pocket PC 2003 (ARMV4).Build.0 = Release
		{81D3E1CE-B1BE-484F-89BD-39FB329CD6A9}.Release|Smartphone 2003 (ARMV4).ActiveCfg = Release
		{81D3E1CE-B1BE-484F-89BD-39FB329CD6A9}.Release|Smartphone 2003 (ARMV4).Build.0 = Release
		{81D3E1CE-B1BE-484F-89BD-39FB329CD6A9}.Release|Win32.ActiveCfg = Release
		{81D3E1CE-B1BE-484F-89BD-39FB329CD6A9}.Release|Win32.Build.0 = Release
		{81D3E1CE-B1BE-484F-89BD-39FB329CD6A9}.Release|Windows Mobile 6 Professional SDK (ARMV4I).ActiveCfg = Release
		{81D3E1CE-B1BE-484F-89BD-39FB329CD6A9}.Release|Windows Mobile 6 Professional SDK (ARMV4I).Build.0 = Release
	EndGlobalSection
	GlobalSection(SolutionProperties) = preSolution
		HideSolutionNode = FALSE
	EndGlobalSection
EndGlobal
